// !$*UTF8*$!
{
	archiveVersion = 1;
	classes = {
	};
	objectVersion = 56;
	objects = {

/* Begin PBXBuildFile section */
		A69596EB2C0DF8E50014FC62 /* AppDelegate.swift in Sources */ = {isa = PBXBuildFile; fileRef = A69596EA2C0DF8E50014FC62 /* AppDelegate.swift */; };
		A69596ED2C0DF8E50014FC62 /* SceneDelegate.swift in Sources */ = {isa = PBXBuildFile; fileRef = A69596EC2C0DF8E50014FC62 /* SceneDelegate.swift */; };
		A69596F22C0DF8E50014FC62 /* Base in Resources */ = {isa = PBXBuildFile; fileRef = A69596F12C0DF8E50014FC62 /* Base */; };
		A69596F42C0DF8E60014FC62 /* Assets.xcassets in Resources */ = {isa = PBXBuildFile; fileRef = A69596F32C0DF8E60014FC62 /* Assets.xcassets */; };
		A69596F72C0DF8E60014FC62 /* Base in Resources */ = {isa = PBXBuildFile; fileRef = A69596F62C0DF8E60014FC62 /* Base */; };
		A69597022C0DF8E60014FC62 /* NewTwitterSampleAppTests.swift in Sources */ = {isa = PBXBuildFile; fileRef = A69597012C0DF8E60014FC62 /* NewTwitterSampleAppTests.swift */; };
		A695970C2C0DF8E60014FC62 /* NewTwitterSampleAppUITests.swift in Sources */ = {isa = PBXBuildFile; fileRef = A695970B2C0DF8E60014FC62 /* NewTwitterSampleAppUITests.swift */; };
		A695970E2C0DF8E60014FC62 /* NewTwitterSampleAppUITestsLaunchTests.swift in Sources */ = {isa = PBXBuildFile; fileRef = A695970D2C0DF8E60014FC62 /* NewTwitterSampleAppUITestsLaunchTests.swift */; };
		A695971B2C0DF9010014FC62 /* HomeViewController.swift in Sources */ = {isa = PBXBuildFile; fileRef = A695971A2C0DF9010014FC62 /* HomeViewController.swift */; };
		A695971E2C0DFA950014FC62 /* TweetTableViewCell.xib in Resources */ = {isa = PBXBuildFile; fileRef = A695971D2C0DFA950014FC62 /* TweetTableViewCell.xib */; };
		A695971F2C0DFA950014FC62 /* TweetTableViewCell.swift in Sources */ = {isa = PBXBuildFile; fileRef = A695971C2C0DFA950014FC62 /* TweetTableViewCell.swift */; };
/* End PBXBuildFile section */

/* Begin PBXContainerItemProxy section */
		A69596FE2C0DF8E60014FC62 /* PBXContainerItemProxy */ = {
			isa = PBXContainerItemProxy;
			containerPortal = A69596DF2C0DF8E50014FC62 /* Project object */;
			proxyType = 1;
			remoteGlobalIDString = A69596E62C0DF8E50014FC62;
			remoteInfo = NewTwitterSampleApp;
		};
		A69597082C0DF8E60014FC62 /* PBXContainerItemProxy */ = {
			isa = PBXContainerItemProxy;
			containerPortal = A69596DF2C0DF8E50014FC62 /* Project object */;
			proxyType = 1;
			remoteGlobalIDString = A69596E62C0DF8E50014FC62;
			remoteInfo = NewTwitterSampleApp;
		};
/* End PBXContainerItemProxy section */

/* Begin PBXFileReference section */
		A69596E72C0DF8E50014FC62 /* NewTwitterSampleApp.app */ = {isa = PBXFileReference; explicitFileType = wrapper.application; includeInIndex = 0; path = NewTwitterSampleApp.app; sourceTree = BUILT_PRODUCTS_DIR; };
		A69596EA2C0DF8E50014FC62 /* AppDelegate.swift */ = {isa = PBXFileReference; lastKnownFileType = sourcecode.swift; path = AppDelegate.swift; sourceTree = "<group>"; };
		A69596EC2C0DF8E50014FC62 /* SceneDelegate.swift */ = {isa = PBXFileReference; lastKnownFileType = sourcecode.swift; path = SceneDelegate.swift; sourceTree = "<group>"; };
		A69596F12C0DF8E50014FC62 /* Base */ = {isa = PBXFileReference; lastKnownFileType = file.storyboard; name = Base; path = Base.lproj/Main.storyboard; sourceTree = "<group>"; };
		A69596F32C0DF8E60014FC62 /* Assets.xcassets */ = {isa = PBXFileReference; lastKnownFileType = folder.assetcatalog; path = Assets.xcassets; sourceTree = "<group>"; };
		A69596F62C0DF8E60014FC62 /* Base */ = {isa = PBXFileReference; lastKnownFileType = file.storyboard; name = Base; path = Base.lproj/LaunchScreen.storyboard; sourceTree = "<group>"; };
		A69596F82C0DF8E60014FC62 /* Info.plist */ = {isa = PBXFileReference; lastKnownFileType = text.plist.xml; path = Info.plist; sourceTree = "<group>"; };
		A69596FD2C0DF8E60014FC62 /* NewTwitterSampleAppTests.xctest */ = {isa = PBXFileReference; explicitFileType = wrapper.cfbundle; includeInIndex = 0; path = NewTwitterSampleAppTests.xctest; sourceTree = BUILT_PRODUCTS_DIR; };
		A69597012C0DF8E60014FC62 /* NewTwitterSampleAppTests.swift */ = {isa = PBXFileReference; lastKnownFileType = sourcecode.swift; path = NewTwitterSampleAppTests.swift; sourceTree = "<group>"; };
		A69597072C0DF8E60014FC62 /* NewTwitterSampleAppUITests.xctest */ = {isa = PBXFileReference; explicitFileType = wrapper.cfbundle; includeInIndex = 0; path = NewTwitterSampleAppUITests.xctest; sourceTree = BUILT_PRODUCTS_DIR; };
		A695970B2C0DF8E60014FC62 /* NewTwitterSampleAppUITests.swift */ = {isa = PBXFileReference; lastKnownFileType = sourcecode.swift; path = NewTwitterSampleAppUITests.swift; sourceTree = "<group>"; };
		A695970D2C0DF8E60014FC62 /* NewTwitterSampleAppUITestsLaunchTests.swift */ = {isa = PBXFileReference; lastKnownFileType = sourcecode.swift; path = NewTwitterSampleAppUITestsLaunchTests.swift; sourceTree = "<group>"; };
		A695971A2C0DF9010014FC62 /* HomeViewController.swift */ = {isa = PBXFileReference; lastKnownFileType = sourcecode.swift; path = HomeViewController.swift; sourceTree = "<group>"; };
		A695971C2C0DFA950014FC62 /* TweetTableViewCell.swift */ = {isa = PBXFileReference; lastKnownFileType = sourcecode.swift; path = TweetTableViewCell.swift; sourceTree = "<group>"; };
		A695971D2C0DFA950014FC62 /* TweetTableViewCell.xib */ = {isa = PBXFileReference; lastKnownFileType = file.xib; path = TweetTableViewCell.xib; sourceTree = "<group>"; };
/* End PBXFileReference section */

/* Begin PBXFrameworksBuildPhase section */
		A69596E42C0DF8E50014FC62 /* Frameworks */ = {
			isa = PBXFrameworksBuildPhase;
			buildActionMask = 2147483647;
			files = (
			);
			runOnlyForDeploymentPostprocessing = 0;
		};
		A69596FA2C0DF8E60014FC62 /* Frameworks */ = {
			isa = PBXFrameworksBuildPhase;
			buildActionMask = 2147483647;
			files = (
			);
			runOnlyForDeploymentPostprocessing = 0;
		};
		A69597042C0DF8E60014FC62 /* Frameworks */ = {
			isa = PBXFrameworksBuildPhase;
			buildActionMask = 2147483647;
			files = (
			);
			runOnlyForDeploymentPostprocessing = 0;
		};
/* End PBXFrameworksBuildPhase section */

/* Begin PBXGroup section */
		A69596DE2C0DF8E50014FC62 = {
			isa = PBXGroup;
			children = (
				A69596E92C0DF8E50014FC62 /* NewTwitterSampleApp */,
				A69597002C0DF8E60014FC62 /* NewTwitterSampleAppTests */,
				A695970A2C0DF8E60014FC62 /* NewTwitterSampleAppUITests */,
				A69596E82C0DF8E50014FC62 /* Products */,
			);
			sourceTree = "<group>";
		};
		A69596E82C0DF8E50014FC62 /* Products */ = {
			isa = PBXGroup;
			children = (
				A69596E72C0DF8E50014FC62 /* NewTwitterSampleApp.app */,
				A69596FD2C0DF8E60014FC62 /* NewTwitterSampleAppTests.xctest */,
				A69597072C0DF8E60014FC62 /* NewTwitterSampleAppUITests.xctest */,
			);
			name = Products;
			sourceTree = "<group>";
		};
		A69596E92C0DF8E50014FC62 /* NewTwitterSampleApp */ = {
			isa = PBXGroup;
			children = (
				A69596EA2C0DF8E50014FC62 /* AppDelegate.swift */,
				A69596EC2C0DF8E50014FC62 /* SceneDelegate.swift */,
				A69596F02C0DF8E50014FC62 /* Main.storyboard */,
				A69596F32C0DF8E60014FC62 /* Assets.xcassets */,
				A69596F52C0DF8E60014FC62 /* LaunchScreen.storyboard */,
				A69596F82C0DF8E60014FC62 /* Info.plist */,
				A695971A2C0DF9010014FC62 /* HomeViewController.swift */,
				A695971C2C0DFA950014FC62 /* TweetTableViewCell.swift */,
				A695971D2C0DFA950014FC62 /* TweetTableViewCell.xib */,
			);
			path = NewTwitterSampleApp;
			sourceTree = "<group>";
		};
		A69597002C0DF8E60014FC62 /* NewTwitterSampleAppTests */ = {
			isa = PBXGroup;
			children = (
				A69597012C0DF8E60014FC62 /* NewTwitterSampleAppTests.swift */,
			);
			path = NewTwitterSampleAppTests;
			sourceTree = "<group>";
		};
		A695970A2C0DF8E60014FC62 /* NewTwitterSampleAppUITests */ = {
			isa = PBXGroup;
			children = (
				A695970B2C0DF8E60014FC62 /* NewTwitterSampleAppUITests.swift */,
				A695970D2C0DF8E60014FC62 /* NewTwitterSampleAppUITestsLaunchTests.swift */,
			);
			path = NewTwitterSampleAppUITests;
			sourceTree = "<group>";
		};
/* End PBXGroup section */

/* Begin PBXNativeTarget section */
		A69596E62C0DF8E50014FC62 /* NewTwitterSampleApp */ = {
			isa = PBXNativeTarget;
			buildConfigurationList = A69597112C0DF8E60014FC62 /* Build configuration list for PBXNativeTarget "NewTwitterSampleApp" */;
			buildPhases = (
				A69596E32C0DF8E50014FC62 /* Sources */,
				A69596E42C0DF8E50014FC62 /* Frameworks */,
				A69596E52C0DF8E50014FC62 /* Resources */,
			);
			buildRules = (
			);
			dependencies = (
			);
			name = NewTwitterSampleApp;
			productName = NewTwitterSampleApp;
			productReference = A69596E72C0DF8E50014FC62 /* NewTwitterSampleApp.app */;
			productType = "com.apple.product-type.application";
		};
		A69596FC2C0DF8E60014FC62 /* NewTwitterSampleAppTests */ = {
			isa = PBXNativeTarget;
			buildConfigurationList = A69597142C0DF8E60014FC62 /* Build configuration list for PBXNativeTarget "NewTwitterSampleAppTests" */;
			buildPhases = (
				A69596F92C0DF8E60014FC62 /* Sources */,
				A69596FA2C0DF8E60014FC62 /* Frameworks */,
				A69596FB2C0DF8E60014FC62 /* Resources */,
			);
			buildRules = (
			);
			dependencies = (
				A69596FF2C0DF8E60014FC62 /* PBXTargetDependency */,
			);
			name = NewTwitterSampleAppTests;
			productName = NewTwitterSampleAppTests;
			productReference = A69596FD2C0DF8E60014FC62 /* NewTwitterSampleAppTests.xctest */;
			productType = "com.apple.product-type.bundle.unit-test";
		};
		A69597062C0DF8E60014FC62 /* NewTwitterSampleAppUITests */ = {
			isa = PBXNativeTarget;
			buildConfigurationList = A69597172C0DF8E60014FC62 /* Build configuration list for PBXNativeTarget "NewTwitterSampleAppUITests" */;
			buildPhases = (
				A69597032C0DF8E60014FC62 /* Sources */,
				A69597042C0DF8E60014FC62 /* Frameworks */,
				A69597052C0DF8E60014FC62 /* Resources */,
			);
			buildRules = (
			);
			dependencies = (
				A69597092C0DF8E60014FC62 /* PBXTargetDependency */,
			);
			name = NewTwitterSampleAppUITests;
			productName = NewTwitterSampleAppUITests;
			productReference = A69597072C0DF8E60014FC62 /* NewTwitterSampleAppUITests.xctest */;
			productType = "com.apple.product-type.bundle.ui-testing";
		};
/* End PBXNativeTarget section */

/* Begin PBXProject section */
		A69596DF2C0DF8E50014FC62 /* Project object */ = {
			isa = PBXProject;
			attributes = {
				BuildIndependentTargetsInParallel = 1;
				LastSwiftUpdateCheck = 1530;
				LastUpgradeCheck = 1530;
				TargetAttributes = {
					A69596E62C0DF8E50014FC62 = {
						CreatedOnToolsVersion = 15.3;
					};
					A69596FC2C0DF8E60014FC62 = {
						CreatedOnToolsVersion = 15.3;
						TestTargetID = A69596E62C0DF8E50014FC62;
					};
					A69597062C0DF8E60014FC62 = {
						CreatedOnToolsVersion = 15.3;
						TestTargetID = A69596E62C0DF8E50014FC62;
					};
				};
			};
			buildConfigurationList = A69596E22C0DF8E50014FC62 /* Build configuration list for PBXProject "NewTwitterSampleApp" */;
			compatibilityVersion = "Xcode 14.0";
			developmentRegion = en;
			hasScannedForEncodings = 0;
			knownRegions = (
				en,
				Base,
			);
			mainGroup = A69596DE2C0DF8E50014FC62;
			productRefGroup = A69596E82C0DF8E50014FC62 /* Products */;
			projectDirPath = "";
			projectRoot = "";
			targets = (
				A69596E62C0DF8E50014FC62 /* NewTwitterSampleApp */,
				A69596FC2C0DF8E60014FC62 /* NewTwitterSampleAppTests */,
				A69597062C0DF8E60014FC62 /* NewTwitterSampleAppUITests */,
			);
		};
/* End PBXProject section */

/* Begin PBXResourcesBuildPhase section */
		A69596E52C0DF8E50014FC62 /* Resources */ = {
			isa = PBXResourcesBuildPhase;
			buildActionMask = 2147483647;
			files = (
				A69596F42C0DF8E60014FC62 /* Assets.xcassets in Resources */,
				A69596F72C0DF8E60014FC62 /* Base in Resources */,
				A69596F22C0DF8E50014FC62 /* Base in Resources */,
				A695971E2C0DFA950014FC62 /* TweetTableViewCell.xib in Resources */,
			);
			runOnlyForDeploymentPostprocessing = 0;
		};
		A69596FB2C0DF8E60014FC62 /* Resources */ = {
			isa = PBXResourcesBuildPhase;
			buildActionMask = 2147483647;
			files = (
			);
			runOnlyForDeploymentPostprocessing = 0;
		};
		A69597052C0DF8E60014FC62 /* Resources */ = {
			isa = PBXResourcesBuildPhase;
			buildActionMask = 2147483647;
			files = (
			);
			runOnlyForDeploymentPostprocessing = 0;
		};
/* End PBXResourcesBuildPhase section */

/* Begin PBXSourcesBuildPhase section */
		A69596E32C0DF8E50014FC62 /* Sources */ = {
			isa = PBXSourcesBuildPhase;
			buildActionMask = 2147483647;
			files = (
				A69596EB2C0DF8E50014FC62 /* AppDelegate.swift in Sources */,
				A69596ED2C0DF8E50014FC62 /* SceneDelegate.swift in Sources */,
				A695971B2C0DF9010014FC62 /* HomeViewController.swift in Sources */,
				A695971F2C0DFA950014FC62 /* TweetTableViewCell.swift in Sources */,
			);
			runOnlyForDeploymentPostprocessing = 0;
		};
		A69596F92C0DF8E60014FC62 /* Sources */ = {
			isa = PBXSourcesBuildPhase;
			buildActionMask = 2147483647;
			files = (
				A69597022C0DF8E60014FC62 /* NewTwitterSampleAppTests.swift in Sources */,
			);
			runOnlyForDeploymentPostprocessing = 0;
		};
		A69597032C0DF8E60014FC62 /* Sources */ = {
			isa = PBXSourcesBuildPhase;
			buildActionMask = 2147483647;
			files = (
				A695970C2C0DF8E60014FC62 /* NewTwitterSampleAppUITests.swift in Sources */,
				A695970E2C0DF8E60014FC62 /* NewTwitterSampleAppUITestsLaunchTests.swift in Sources */,
			);
			runOnlyForDeploymentPostprocessing = 0;
		};
/* End PBXSourcesBuildPhase section */

/* Begin PBXTargetDependency section */
		A69596FF2C0DF8E60014FC62 /* PBXTargetDependency */ = {
			isa = PBXTargetDependency;
			target = A69596E62C0DF8E50014FC62 /* NewTwitterSampleApp */;
			targetProxy = A69596FE2C0DF8E60014FC62 /* PBXContainerItemProxy */;
		};
		A69597092C0DF8E60014FC62 /* PBXTargetDependency */ = {
			isa = PBXTargetDependency;
			target = A69596E62C0DF8E50014FC62 /* NewTwitterSampleApp */;
			targetProxy = A69597082C0DF8E60014FC62 /* PBXContainerItemProxy */;
		};
/* End PBXTargetDependency section */

/* Begin PBXVariantGroup section */
		A69596F02C0DF8E50014FC62 /* Main.storyboard */ = {
			isa = PBXVariantGroup;
			children = (
				A69596F12C0DF8E50014FC62 /* Base */,
			);
			name = Main.storyboard;
			sourceTree = "<group>";
		};
		A69596F52C0DF8E60014FC62 /* LaunchScreen.storyboard */ = {
			isa = PBXVariantGroup;
			children = (
				A69596F62C0DF8E60014FC62 /* Base */,
			);
			name = LaunchScreen.storyboard;
			sourceTree = "<group>";
		};
/* End PBXVariantGroup section */

/* Begin XCBuildConfiguration section */
		A695970F2C0DF8E60014FC62 /* Debug */ = {
			isa = XCBuildConfiguration;
			buildSettings = {
				ALWAYS_SEARCH_USER_PATHS = NO;
				ASSETCATALOG_COMPILER_GENERATE_SWIFT_ASSET_SYMBOL_EXTENSIONS = YES;
				CLANG_ANALYZER_NONNULL = YES;
				CLANG_ANALYZER_NUMBER_OBJECT_CONVERSION = YES_AGGRESSIVE;
				CLANG_CXX_LANGUAGE_STANDARD = "gnu++20";
				CLANG_ENABLE_MODULES = YES;
				CLANG_ENABLE_OBJC_ARC = YES;
				CLANG_ENABLE_OBJC_WEAK = YES;
				CLANG_WARN_BLOCK_CAPTURE_AUTORELEASING = YES;
				CLANG_WARN_BOOL_CONVERSION = YES;
				CLANG_WARN_COMMA = YES;
				CLANG_WARN_CONSTANT_CONVERSION = YES;
				CLANG_WARN_DEPRECATED_OBJC_IMPLEMENTATIONS = YES;
				CLANG_WARN_DIRECT_OBJC_ISA_USAGE = YES_ERROR;
				CLANG_WARN_DOCUMENTATION_COMMENTS = YES;
				CLANG_WARN_EMPTY_BODY = YES;
				CLANG_WARN_ENUM_CONVERSION = YES;
				CLANG_WARN_INFINITE_RECURSION = YES;
				CLANG_WARN_INT_CONVERSION = YES;
				CLANG_WARN_NON_LITERAL_NULL_CONVERSION = YES;
				CLANG_WARN_OBJC_IMPLICIT_RETAIN_SELF = YES;
				CLANG_WARN_OBJC_LITERAL_CONVERSION = YES;
				CLANG_WARN_OBJC_ROOT_CLASS = YES_ERROR;
				CLANG_WARN_QUOTED_INCLUDE_IN_FRAMEWORK_HEADER = YES;
				CLANG_WARN_RANGE_LOOP_ANALYSIS = YES;
				CLANG_WARN_STRICT_PROTOTYPES = YES;
				CLANG_WARN_SUSPICIOUS_MOVE = YES;
				CLANG_WARN_UNGUARDED_AVAILABILITY = YES_AGGRESSIVE;
				CLANG_WARN_UNREACHABLE_CODE = YES;
				CLANG_WARN__DUPLICATE_METHOD_MATCH = YES;
				COPY_PHASE_STRIP = NO;
				DEBUG_INFORMATION_FORMAT = dwarf;
				ENABLE_STRICT_OBJC_MSGSEND = YES;
				ENABLE_TESTABILITY = YES;
				ENABLE_USER_SCRIPT_SANDBOXING = YES;
				GCC_C_LANGUAGE_STANDARD = gnu17;
				GCC_DYNAMIC_NO_PIC = NO;
				GCC_NO_COMMON_BLOCKS = YES;
				GCC_OPTIMIZATION_LEVEL = 0;
				GCC_PREPROCESSOR_DEFINITIONS = (
					"DEBUG=1",
					"$(inherited)",
				);
				GCC_WARN_64_TO_32_BIT_CONVERSION = YES;
				GCC_WARN_ABOUT_RETURN_TYPE = YES_ERROR;
				GCC_WARN_UNDECLARED_SELECTOR = YES;
				GCC_WARN_UNINITIALIZED_AUTOS = YES_AGGRESSIVE;
				GCC_WARN_UNUSED_FUNCTION = YES;
				GCC_WARN_UNUSED_VARIABLE = YES;
				IPHONEOS_DEPLOYMENT_TARGET = 17.4;
				LOCALIZATION_PREFERS_STRING_CATALOGS = YES;
				MTL_ENABLE_DEBUG_INFO = INCLUDE_SOURCE;
				MTL_FAST_MATH = YES;
				ONLY_ACTIVE_ARCH = YES;
				SDKROOT = iphoneos;
				SWIFT_ACTIVE_COMPILATION_CONDITIONS = "DEBUG $(inherited)";
				SWIFT_OPTIMIZATION_LEVEL = "-Onone";
			};
			name = Debug;
		};
		A69597102C0DF8E60014FC62 /* Release */ = {
			isa = XCBuildConfiguration;
			buildSettings = {
				ALWAYS_SEARCH_USER_PATHS = NO;
				ASSETCATALOG_COMPILER_GENERATE_SWIFT_ASSET_SYMBOL_EXTENSIONS = YES;
				CLANG_ANALYZER_NONNULL = YES;
				CLANG_ANALYZER_NUMBER_OBJECT_CONVERSION = YES_AGGRESSIVE;
				CLANG_CXX_LANGUAGE_STANDARD = "gnu++20";
				CLANG_ENABLE_MODULES = YES;
				CLANG_ENABLE_OBJC_ARC = YES;
				CLANG_ENABLE_OBJC_WEAK = YES;
				CLANG_WARN_BLOCK_CAPTURE_AUTORELEASING = YES;
				CLANG_WARN_BOOL_CONVERSION = YES;
				CLANG_WARN_COMMA = YES;
				CLANG_WARN_CONSTANT_CONVERSION = YES;
				CLANG_WARN_DEPRECATED_OBJC_IMPLEMENTATIONS = YES;
				CLANG_WARN_DIRECT_OBJC_ISA_USAGE = YES_ERROR;
				CLANG_WARN_DOCUMENTATION_COMMENTS = YES;
				CLANG_WARN_EMPTY_BODY = YES;
				CLANG_WARN_ENUM_CONVERSION = YES;
				CLANG_WARN_INFINITE_RECURSION = YES;
				CLANG_WARN_INT_CONVERSION = YES;
				CLANG_WARN_NON_LITERAL_NULL_CONVERSION = YES;
				CLANG_WARN_OBJC_IMPLICIT_RETAIN_SELF = YES;
				CLANG_WARN_OBJC_LITERAL_CONVERSION = YES;
				CLANG_WARN_OBJC_ROOT_CLASS = YES_ERROR;
				CLANG_WARN_QUOTED_INCLUDE_IN_FRAMEWORK_HEADER = YES;
				CLANG_WARN_RANGE_LOOP_ANALYSIS = YES;
				CLANG_WARN_STRICT_PROTOTYPES = YES;
				CLANG_WARN_SUSPICIOUS_MOVE = YES;
				CLANG_WARN_UNGUARDED_AVAILABILITY = YES_AGGRESSIVE;
				CLANG_WARN_UNREACHABLE_CODE = YES;
				CLANG_WARN__DUPLICATE_METHOD_MATCH = YES;
				COPY_PHASE_STRIP = NO;
				DEBUG_INFORMATION_FORMAT = "dwarf-with-dsym";
				ENABLE_NS_ASSERTIONS = NO;
				ENABLE_STRICT_OBJC_MSGSEND = YES;
				ENABLE_USER_SCRIPT_SANDBOXING = YES;
				GCC_C_LANGUAGE_STANDARD = gnu17;
				GCC_NO_COMMON_BLOCKS = YES;
				GCC_WARN_64_TO_32_BIT_CONVERSION = YES;
				GCC_WARN_ABOUT_RETURN_TYPE = YES_ERROR;
				GCC_WARN_UNDECLARED_SELECTOR = YES;
				GCC_WARN_UNINITIALIZED_AUTOS = YES_AGGRESSIVE;
				GCC_WARN_UNUSED_FUNCTION = YES;
				GCC_WARN_UNUSED_VARIABLE = YES;
				IPHONEOS_DEPLOYMENT_TARGET = 17.4;
				LOCALIZATION_PREFERS_STRING_CATALOGS = YES;
				MTL_ENABLE_DEBUG_INFO = NO;
				MTL_FAST_MATH = YES;
				SDKROOT = iphoneos;
				SWIFT_COMPILATION_MODE = wholemodule;
				VALIDATE_PRODUCT = YES;
			};
			name = Release;
		};
		A69597122C0DF8E60014FC62 /* Debug */ = {
			isa = XCBuildConfiguration;
			buildSettings = {
				ASSETCATALOG_COMPILER_APPICON_NAME = AppIcon;
				ASSETCATALOG_COMPILER_GLOBAL_ACCENT_COLOR_NAME = AccentColor;
				CODE_SIGN_STYLE = Automatic;
				CURRENT_PROJECT_VERSION = 1;
				GENERATE_INFOPLIST_FILE = YES;
				INFOPLIST_FILE = NewTwitterSampleApp/Info.plist;
				INFOPLIST_KEY_UIApplicationSupportsIndirectInputEvents = YES;
				INFOPLIST_KEY_UILaunchStoryboardName = LaunchScreen;
				INFOPLIST_KEY_UIMainStoryboardFile = Main;
				INFOPLIST_KEY_UISupportedInterfaceOrientations_iPad = "UIInterfaceOrientationPortrait UIInterfaceOrientationPortraitUpsideDown UIInterfaceOrientationLandscapeLeft UIInterfaceOrientationLandscapeRight";
				INFOPLIST_KEY_UISupportedInterfaceOrientations_iPhone = "UIInterfaceOrientationPortrait UIInterfaceOrientationLandscapeLeft UIInterfaceOrientationLandscapeRight";
				LD_RUNPATH_SEARCH_PATHS = (
					"$(inherited)",
					"@executable_path/Frameworks",
				);
				MARKETING_VERSION = 1.0;
				PRODUCT_BUNDLE_IDENTIFIER = com.dotinstall.NewTwitterSampleApp;
				PRODUCT_NAME = "$(TARGET_NAME)";
				SWIFT_EMIT_LOC_STRINGS = YES;
				SWIFT_VERSION = 5.0;
				TARGETED_DEVICE_FAMILY = "1,2";
			};
			name = Debug;
		};
		A69597132C0DF8E60014FC62 /* Release */ = {
			isa = XCBuildConfiguration;
			buildSettings = {
				ASSETCATALOG_COMPILER_APPICON_NAME = AppIcon;
				ASSETCATALOG_COMPILER_GLOBAL_ACCENT_COLOR_NAME = AccentColor;
				CODE_SIGN_STYLE = Automatic;
				CURRENT_PROJECT_VERSION = 1;
				GENERATE_INFOPLIST_FILE = YES;
				INFOPLIST_FILE = NewTwitterSampleApp/Info.plist;
				INFOPLIST_KEY_UIApplicationSupportsIndirectInputEvents = YES;
				INFOPLIST_KEY_UILaunchStoryboardName = LaunchScreen;
				INFOPLIST_KEY_UIMainStoryboardFile = Main;
				INFOPLIST_KEY_UISupportedInterfaceOrientations_iPad = "UIInterfaceOrientationPortrait UIInterfaceOrientationPortraitUpsideDown UIInterfaceOrientationLandscapeLeft UIInterfaceOrientationLandscapeRight";
				INFOPLIST_KEY_UISupportedInterfaceOrientations_iPhone = "UIInterfaceOrientationPortrait UIInterfaceOrientationLandscapeLeft UIInterfaceOrientationLandscapeRight";
				LD_RUNPATH_SEARCH_PATHS = (
					"$(inherited)",
					"@executable_path/Frameworks",
				);
				MARKETING_VERSION = 1.0;
				PRODUCT_BUNDLE_IDENTIFIER = com.dotinstall.NewTwitterSampleApp;
				PRODUCT_NAME = "$(TARGET_NAME)";
				SWIFT_EMIT_LOC_STRINGS = YES;
				SWIFT_VERSION = 5.0;
				TARGETED_DEVICE_FAMILY = "1,2";
			};
			name = Release;
		};
		A69597152C0DF8E60014FC62 /* Debug */ = {
			isa = XCBuildConfiguration;
			buildSettings = {
				ALWAYS_EMBED_SWIFT_STANDARD_LIBRARIES = YES;
				BUNDLE_LOADER = "$(TEST_HOST)";
				CODE_SIGN_STYLE = Automatic;
				CURRENT_PROJECT_VERSION = 1;
				GENERATE_INFOPLIST_FILE = YES;
				IPHONEOS_DEPLOYMENT_TARGET = 17.4;
				MARKETING_VERSION = 1.0;
				PRODUCT_BUNDLE_IDENTIFIER = com.dotinstall.NewTwitterSampleAppTests;
				PRODUCT_NAME = "$(TARGET_NAME)";
				SWIFT_EMIT_LOC_STRINGS = NO;
				SWIFT_VERSION = 5.0;
				TARGETED_DEVICE_FAMILY = "1,2";
				TEST_HOST = "$(BUILT_PRODUCTS_DIR)/NewTwitterSampleApp.app/$(BUNDLE_EXECUTABLE_FOLDER_PATH)/NewTwitterSampleApp";
			};
			name = Debug;
		};
		A69597162C0DF8E60014FC62 /* Release */ = {
			isa = XCBuildConfiguration;
			buildSettings = {
				ALWAYS_EMBED_SWIFT_STANDARD_LIBRARIES = YES;
				BUNDLE_LOADER = "$(TEST_HOST)";
				CODE_SIGN_STYLE = Automatic;
				CURRENT_PROJECT_VERSION = 1;
				GENERATE_INFOPLIST_FILE = YES;
				IPHONEOS_DEPLOYMENT_TARGET = 17.4;
				MARKETING_VERSION = 1.0;
				PRODUCT_BUNDLE_IDENTIFIER = com.dotinstall.NewTwitterSampleAppTests;
				PRODUCT_NAME = "$(TARGET_NAME)";
				SWIFT_EMIT_LOC_STRINGS = NO;
				SWIFT_VERSION = 5.0;
				TARGETED_DEVICE_FAMILY = "1,2";
				TEST_HOST = "$(BUILT_PRODUCTS_DIR)/NewTwitterSampleApp.app/$(BUNDLE_EXECUTABLE_FOLDER_PATH)/NewTwitterSampleApp";
			};
			name = Release;
		};
		A69597182C0DF8E60014FC62 /* Debug */ = {
			isa = XCBuildConfiguration;
			buildSettings = {
				ALWAYS_EMBED_SWIFT_STANDARD_LIBRARIES = YES;
				CODE_SIGN_STYLE = Automatic;
				CURRENT_PROJECT_VERSION = 1;
				GENERATE_INFOPLIST_FILE = YES;
				MARKETING_VERSION = 1.0;
				PRODUCT_BUNDLE_IDENTIFIER = com.dotinstall.NewTwitterSampleAppUITests;
				PRODUCT_NAME = "$(TARGET_NAME)";
				SWIFT_EMIT_LOC_STRINGS = NO;
				SWIFT_VERSION = 5.0;
				TARGETED_DEVICE_FAMILY = "1,2";
				TEST_TARGET_NAME = NewTwitterSampleApp;
			};
			name = Debug;
		};
		A69597192C0DF8E60014FC62 /* Release */ = {
			isa = XCBuildConfiguration;
			buildSettings = {
				ALWAYS_EMBED_SWIFT_STANDARD_LIBRARIES = YES;
				CODE_SIGN_STYLE = Automatic;
				CURRENT_PROJECT_VERSION = 1;
				GENERATE_INFOPLIST_FILE = YES;
				MARKETING_VERSION = 1.0;
				PRODUCT_BUNDLE_IDENTIFIER = com.dotinstall.NewTwitterSampleAppUITests;
				PRODUCT_NAME = "$(TARGET_NAME)";
				SWIFT_EMIT_LOC_STRINGS = NO;
				SWIFT_VERSION = 5.0;
				TARGETED_DEVICE_FAMILY = "1,2";
				TEST_TARGET_NAME = NewTwitterSampleApp;
			};
			name = Release;
		};
/* End XCBuildConfiguration section */

/* Begin XCConfigurationList section */
		A69596E22C0DF8E50014FC62 /* Build configuration list for PBXProject "NewTwitterSampleApp" */ = {
			isa = XCConfigurationList;
			buildConfigurations = (
				A695970F2C0DF8E60014FC62 /* Debug */,
				A69597102C0DF8E60014FC62 /* Release */,
			);
			defaultConfigurationIsVisible = 0;
			defaultConfigurationName = Release;
		};
		A69597112C0DF8E60014FC62 /* Build configuration list for PBXNativeTarget "NewTwitterSampleApp" */ = {
			isa = XCConfigurationList;
			buildConfigurations = (
				A69597122C0DF8E60014FC62 /* Debug */,
				A69597132C0DF8E60014FC62 /* Release */,
			);
			defaultConfigurationIsVisible = 0;
			defaultConfigurationName = Release;
		};
		A69597142C0DF8E60014FC62 /* Build configuration list for PBXNativeTarget "NewTwitterSampleAppTests" */ = {
			isa = XCConfigurationList;
			buildConfigurations = (
				A69597152C0DF8E60014FC62 /* Debug */,
				A69597162C0DF8E60014FC62 /* Release */,
			);
			defaultConfigurationIsVisible = 0;
			defaultConfigurationName = Release;
		};
		A69597172C0DF8E60014FC62 /* Build configuration list for PBXNativeTarget "NewTwitterSampleAppUITests" */ = {
			isa = XCConfigurationList;
			buildConfigurations = (
				A69597182C0DF8E60014FC62 /* Debug */,
				A69597192C0DF8E60014FC62 /* Release */,
			);
			defaultConfigurationIsVisible = 0;
			defaultConfigurationName = Release;
		};
/* End XCConfigurationList section */
	};
	rootObject = A69596DF2C0DF8E50014FC62 /* Project object */;
}
